{
    "_meta": {
        "hash": {
            "sha256": "4ea20778c21de803c7d17781568eba2b6c5f577ad85a338289e35d02ffcd6f25"
        },
        "pipfile-spec": 6,
        "requires": {
            "python_version": "3.7"
        },
        "sources": [
            {
                "name": "pypi",
                "url": "https://pypi.org/simple",
                "verify_ssl": true
            }
        ]
    },
    "default": {
        "idna": {
            "hashes": [
                "sha256:c357b3f628cf53ae2c4c05627ecc484553142ca23264e593d327bcde5e9c3407",
                "sha256:ea8b7f6188e6fa117537c3df7da9fc686d485087abf6ac197f9c46432f7e4a3c"
            ],
            "index": "pypi",
            "version": "==2.8"
        },
        "psl": {
            "hashes": [
                "sha256:e6237f9d7730ea96fe487ce35dd201ddd347816d62f95304cfd61927bb49d964"
            ],
            "index": "pypi",
            "version": "==2019.11.21"
        },
        "publicsuffix2": {
            "hashes": [
                "sha256:990d0d080c6af538e6de608bf06e07b51962c6af5e9b0f20dae5511271ea5b87",
                "sha256:c0a6745167f0ccc1504774e6f59fc617fe08880e6cb706838471210429426747"
            ],
            "index": "pypi",
            "version": "==2.20190812"
        }
    },
    "develop": {}
}
