{
    "_meta": {
        "hash": {
            "sha256": "c6302ecda27529453287fd8c8f72d08a821fca9610f7709f1f837ad076558e75"
        },
        "pipfile-spec": 6,
        "requires": {
            "python_version": "3.7"
        },
        "sources": [
            {
                "name": "pypi",
                "url": "https://pypi.org/simple",
                "verify_ssl": true
            }
        ]
    },
    "default": {
        "dnspy": {
            "hashes": [
                "sha256:b015d53906bad731f364abd5c4a4af98eae8024c82f9a844ef53ed6fc63f3056"
            ],
            "index": "pypi",
            "version": "==3.0"
        },
        "idna": {
            "hashes": [
                "sha256:c357b3f628cf53ae2c4c05627ecc484553142ca23264e593d327bcde5e9c3407",
                "sha256:ea8b7f6188e6fa117537c3df7da9fc686d485087abf6ac197f9c46432f7e4a3c"
            ],
            "index": "pypi",
            "version": "==2.8"
        },
        "psl": {
            "hashes": [
                "sha256:e6237f9d7730ea96fe487ce35dd201ddd347816d62f95304cfd61927bb49d964"
            ],
            "index": "pypi",
            "version": "==2019.11.21"
        },
        "publicsuffix2": {
            "hashes": [
                "sha256:990d0d080c6af538e6de608bf06e07b51962c6af5e9b0f20dae5511271ea5b87",
                "sha256:c0a6745167f0ccc1504774e6f59fc617fe08880e6cb706838471210429426747"
            ],
            "index": "pypi",
            "version": "==2.20190812"
        },
        "publicsuffixlist": {
            "hashes": [
                "sha256:3aa0a5996d1dbdd965a22cf22f9922c52a706a82e3589fe91625d795d8a00e4a",
                "sha256:773a9dea9ab157fa41a2e96c28176feb64313519f5c26fc0cdf77231c0c7b77d"
            ],
            "index": "pypi",
            "version": "==0.6.11"
        }
    },
    "develop": {}
}
